// !$*UTF8*$!
{
	archiveVersion = 1;
	classes = {
	};
	objectVersion = 51;
	objects = {

/* Begin PBXBuildFile section */
		0F9C3911B03BA97B7872BF8A /* Pods_Twitter.framework in Frameworks */ = {isa = PBXBuildFile; fileRef = AB4A154D80F39B29BC78DC7D /* Pods_Twitter.framework */; };
		2B26B97B261EFFAE000814E4 /* AppDelegate.swift in Sources */ = {isa = PBXBuildFile; fileRef = 2B26B97A261EFFAE000814E4 /* AppDelegate.swift */; };
		2B26B97D261EFFAE000814E4 /* SceneDelegate.swift in Sources */ = {isa = PBXBuildFile; fileRef = 2B26B97C261EFFAE000814E4 /* SceneDelegate.swift */; };
		2B26B982261EFFAE000814E4 /* Main.storyboard in Resources */ = {isa = PBXBuildFile; fileRef = 2B26B980261EFFAE000814E4 /* Main.storyboard */; };
		2B26B984261EFFB5000814E4 /* Assets.xcassets in Resources */ = {isa = PBXBuildFile; fileRef = 2B26B983261EFFB5000814E4 /* Assets.xcassets */; };
		2B26B987261EFFB5000814E4 /* LaunchScreen.storyboard in Resources */ = {isa = PBXBuildFile; fileRef = 2B26B985261EFFB5000814E4 /* LaunchScreen.storyboard */; };
		2B26B98F261F08F5000814E4 /* LoginViewController.swift in Sources */ = {isa = PBXBuildFile; fileRef = 2B26B98E261F08F5000814E4 /* LoginViewController.swift */; };
		2B26B994261F0987000814E4 /* RegistrationViewController.swift in Sources */ = {isa = PBXBuildFile; fileRef = 2B26B993261F0987000814E4 /* RegistrationViewController.swift */; };
		2B26B998261F1BC9000814E4 /* GoogleService-Info.plist in Resources */ = {isa = PBXBuildFile; fileRef = 2B26B997261F1BC9000814E4 /* GoogleService-Info.plist */; };
		2B83F3DB26284132000877C5 /* HomeViewTableViewCell.swift in Sources */ = {isa = PBXBuildFile; fileRef = 2B83F3DA26284132000877C5 /* HomeViewTableViewCell.swift */; };
		2B83F3DE26284B9C000877C5 /* NewTweetViewController.swift in Sources */ = {isa = PBXBuildFile; fileRef = 2B83F3DD26284B9C000877C5 /* NewTweetViewController.swift */; };
		2B969A5A262A0E0B00EE9366 /* ProfileViewController.swift in Sources */ = {isa = PBXBuildFile; fileRef = 2B969A59262A0E0B00EE9366 /* ProfileViewController.swift */; };
		2B969A5C262A0E1B00EE9366 /* SearchViewController.swift in Sources */ = {isa = PBXBuildFile; fileRef = 2B969A5B262A0E1B00EE9366 /* SearchViewController.swift */; };
		2B969A5E262ADE7B00EE9366 /* EditProfileViewController.swift in Sources */ = {isa = PBXBuildFile; fileRef = 2B969A5D262ADE7B00EE9366 /* EditProfileViewController.swift */; };
		2B969A60262AF97200EE9366 /* EditTweetViewController.swift in Sources */ = {isa = PBXBuildFile; fileRef = 2B969A5F262AF97200EE9366 /* EditTweetViewController.swift */; };
		2BFB46C02625B58600C99E53 /* Tweet.swift in Sources */ = {isa = PBXBuildFile; fileRef = 2BFB46BF2625B58600C99E53 /* Tweet.swift */; };
		2BFB46C22626BE5500C99E53 /* HomeViewController.swift in Sources */ = {isa = PBXBuildFile; fileRef = 2BFB46C12626BE5500C99E53 /* HomeViewController.swift */; };
/* End PBXBuildFile section */

/* Begin PBXFileReference section */
		2B26B977261EFFAE000814E4 /* Twitter.app */ = {isa = PBXFileReference; explicitFileType = wrapper.application; includeInIndex = 0; path = Twitter.app; sourceTree = BUILT_PRODUCTS_DIR; };
		2B26B97A261EFFAE000814E4 /* AppDelegate.swift */ = {isa = PBXFileReference; lastKnownFileType = sourcecode.swift; path = AppDelegate.swift; sourceTree = "<group>"; };
		2B26B97C261EFFAE000814E4 /* SceneDelegate.swift */ = {isa = PBXFileReference; lastKnownFileType = sourcecode.swift; path = SceneDelegate.swift; sourceTree = "<group>"; };
		2B26B981261EFFAE000814E4 /* Base */ = {isa = PBXFileReference; lastKnownFileType = file.storyboard; name = Base; path = Base.lproj/Main.storyboard; sourceTree = "<group>"; };
		2B26B983261EFFB5000814E4 /* Assets.xcassets */ = {isa = PBXFileReference; lastKnownFileType = folder.assetcatalog; path = Assets.xcassets; sourceTree = "<group>"; };
		2B26B986261EFFB5000814E4 /* Base */ = {isa = PBXFileReference; lastKnownFileType = file.storyboard; name = Base; path = Base.lproj/LaunchScreen.storyboard; sourceTree = "<group>"; };
		2B26B988261EFFB5000814E4 /* Info.plist */ = {isa = PBXFileReference; lastKnownFileType = text.plist.xml; path = Info.plist; sourceTree = "<group>"; };
		2B26B98E261F08F5000814E4 /* LoginViewController.swift */ = {isa = PBXFileReference; lastKnownFileType = sourcecode.swift; path = LoginViewController.swift; sourceTree = "<group>"; };
		2B26B993261F0987000814E4 /* RegistrationViewController.swift */ = {isa = PBXFileReference; lastKnownFileType = sourcecode.swift; path = RegistrationViewController.swift; sourceTree = "<group>"; };
		2B26B997261F1BC9000814E4 /* GoogleService-Info.plist */ = {isa = PBXFileReference; fileEncoding = 4; lastKnownFileType = text.plist.xml; name = "GoogleService-Info.plist"; path = "../../../../Downloads/GoogleService-Info.plist"; sourceTree = "<group>"; };
		2B83F3DA26284132000877C5 /* HomeViewTableViewCell.swift */ = {isa = PBXFileReference; lastKnownFileType = sourcecode.swift; path = HomeViewTableViewCell.swift; sourceTree = "<group>"; };
		2B83F3DD26284B9C000877C5 /* NewTweetViewController.swift */ = {isa = PBXFileReference; lastKnownFileType = sourcecode.swift; path = NewTweetViewController.swift; sourceTree = "<group>"; };
		2B969A59262A0E0B00EE9366 /* ProfileViewController.swift */ = {isa = PBXFileReference; lastKnownFileType = sourcecode.swift; path = ProfileViewController.swift; sourceTree = "<group>"; };
		2B969A5B262A0E1B00EE9366 /* SearchViewController.swift */ = {isa = PBXFileReference; lastKnownFileType = sourcecode.swift; path = SearchViewController.swift; sourceTree = "<group>"; };
		2B969A5D262ADE7B00EE9366 /* EditProfileViewController.swift */ = {isa = PBXFileReference; lastKnownFileType = sourcecode.swift; path = EditProfileViewController.swift; sourceTree = "<group>"; };
		2B969A5F262AF97200EE9366 /* EditTweetViewController.swift */ = {isa = PBXFileReference; lastKnownFileType = sourcecode.swift; path = EditTweetViewController.swift; sourceTree = "<group>"; };
		2BFB46BF2625B58600C99E53 /* Tweet.swift */ = {isa = PBXFileReference; lastKnownFileType = sourcecode.swift; path = Tweet.swift; sourceTree = "<group>"; };
		2BFB46C12626BE5500C99E53 /* HomeViewController.swift */ = {isa = PBXFileReference; lastKnownFileType = sourcecode.swift; path = HomeViewController.swift; sourceTree = "<group>"; };
		4FC6D00A427482C7432F9C2B /* Pods-Twitter.debug.xcconfig */ = {isa = PBXFileReference; includeInIndex = 1; lastKnownFileType = text.xcconfig; name = "Pods-Twitter.debug.xcconfig"; path = "Target Support Files/Pods-Twitter/Pods-Twitter.debug.xcconfig"; sourceTree = "<group>"; };
		586556E300E67512B42B26DF /* Pods-Twitter.release.xcconfig */ = {isa = PBXFileReference; includeInIndex = 1; lastKnownFileType = text.xcconfig; name = "Pods-Twitter.release.xcconfig"; path = "Target Support Files/Pods-Twitter/Pods-Twitter.release.xcconfig"; sourceTree = "<group>"; };
		AB4A154D80F39B29BC78DC7D /* Pods_Twitter.framework */ = {isa = PBXFileReference; explicitFileType = wrapper.framework; includeInIndex = 0; path = Pods_Twitter.framework; sourceTree = BUILT_PRODUCTS_DIR; };
/* End PBXFileReference section */

/* Begin PBXFrameworksBuildPhase section */
		2B26B974261EFFAE000814E4 /* Frameworks */ = {
			isa = PBXFrameworksBuildPhase;
			buildActionMask = 2147483647;
			files = (
				0F9C3911B03BA97B7872BF8A /* Pods_Twitter.framework in Frameworks */,
			);
			runOnlyForDeploymentPostprocessing = 0;
		};
/* End PBXFrameworksBuildPhase section */

/* Begin PBXGroup section */
		2B26B96E261EFFAD000814E4 = {
			isa = PBXGroup;
			children = (
				2B26B979261EFFAE000814E4 /* Twitter */,
				2B26B978261EFFAE000814E4 /* Products */,
				A7C9FF572EDCCB87A86D769F /* Pods */,
				90DD5A16913AF415E7913449 /* Frameworks */,
			);
			sourceTree = "<group>";
		};
		2B26B978261EFFAE000814E4 /* Products */ = {
			isa = PBXGroup;
			children = (
				2B26B977261EFFAE000814E4 /* Twitter.app */,
			);
			name = Products;
			sourceTree = "<group>";
		};
		2B26B979261EFFAE000814E4 /* Twitter */ = {
			isa = PBXGroup;
			children = (
				2B26B990261F090F000814E4 /* Supporting files */,
				2B26B991261F0922000814E4 /* Model */,
				2B26B992261F092F000814E4 /* Controllers */,
				2B83F3DC26284151000877C5 /* Views */,
				2B26B980261EFFAE000814E4 /* Main.storyboard */,
				2B26B997261F1BC9000814E4 /* GoogleService-Info.plist */,
				2B26B988261EFFB5000814E4 /* Info.plist */,
			);
			path = Twitter;
			sourceTree = "<group>";
		};
		2B26B990261F090F000814E4 /* Supporting files */ = {
			isa = PBXGroup;
			children = (
				2B26B97A261EFFAE000814E4 /* AppDelegate.swift */,
				2B26B97C261EFFAE000814E4 /* SceneDelegate.swift */,
				2B26B983261EFFB5000814E4 /* Assets.xcassets */,
				2B26B985261EFFB5000814E4 /* LaunchScreen.storyboard */,
			);
			path = "Supporting files";
			sourceTree = "<group>";
		};
		2B26B991261F0922000814E4 /* Model */ = {
			isa = PBXGroup;
			children = (
				2BFB46BF2625B58600C99E53 /* Tweet.swift */,
			);
			path = Model;
			sourceTree = "<group>";
		};
		2B26B992261F092F000814E4 /* Controllers */ = {
			isa = PBXGroup;
			children = (
				2B26B993261F0987000814E4 /* RegistrationViewController.swift */,
				2B26B98E261F08F5000814E4 /* LoginViewController.swift */,
				2BFB46C12626BE5500C99E53 /* HomeViewController.swift */,
				2B83F3DD26284B9C000877C5 /* NewTweetViewController.swift */,
				2B969A59262A0E0B00EE9366 /* ProfileViewController.swift */,
				2B969A5B262A0E1B00EE9366 /* SearchViewController.swift */,
				2B969A5D262ADE7B00EE9366 /* EditProfileViewController.swift */,
				2B969A5F262AF97200EE9366 /* EditTweetViewController.swift */,
			);
			path = Controllers;
			sourceTree = "<group>";
		};
		2B83F3DC26284151000877C5 /* Views */ = {
			isa = PBXGroup;
			children = (
				2B83F3DA26284132000877C5 /* HomeViewTableViewCell.swift */,
			);
			path = Views;
			sourceTree = "<group>";
		};
		90DD5A16913AF415E7913449 /* Frameworks */ = {
			isa = PBXGroup;
			children = (
				AB4A154D80F39B29BC78DC7D /* Pods_Twitter.framework */,
			);
			name = Frameworks;
			sourceTree = "<group>";
		};
		A7C9FF572EDCCB87A86D769F /* Pods */ = {
			isa = PBXGroup;
			children = (
				4FC6D00A427482C7432F9C2B /* Pods-Twitter.debug.xcconfig */,
				586556E300E67512B42B26DF /* Pods-Twitter.release.xcconfig */,
			);
			path = Pods;
			sourceTree = "<group>";
		};
/* End PBXGroup section */

/* Begin PBXNativeTarget section */
		2B26B976261EFFAE000814E4 /* Twitter */ = {
			isa = PBXNativeTarget;
			buildConfigurationList = 2B26B98B261EFFB5000814E4 /* Build configuration list for PBXNativeTarget "Twitter" */;
			buildPhases = (
				86507FA3CA409EF6FD2C6ED4 /* [CP] Check Pods Manifest.lock */,
				2B26B973261EFFAE000814E4 /* Sources */,
				2B26B974261EFFAE000814E4 /* Frameworks */,
				2B26B975261EFFAE000814E4 /* Resources */,
				AD9F1E962294D2F51FE1BF99 /* [CP] Embed Pods Frameworks */,
			);
			buildRules = (
			);
			dependencies = (
			);
			name = Twitter;
			productName = Twitter;
			productReference = 2B26B977261EFFAE000814E4 /* Twitter.app */;
			productType = "com.apple.product-type.application";
		};
/* End PBXNativeTarget section */

/* Begin PBXProject section */
		2B26B96F261EFFAE000814E4 /* Project object */ = {
			isa = PBXProject;
			attributes = {
				LastSwiftUpdateCheck = 1160;
				LastUpgradeCheck = 1160;
				ORGANIZATIONNAME = "Madi Keshilbayev";
				TargetAttributes = {
					2B26B976261EFFAE000814E4 = {
						CreatedOnToolsVersion = 11.6;
					};
				};
			};
			buildConfigurationList = 2B26B972261EFFAE000814E4 /* Build configuration list for PBXProject "Twitter" */;
			compatibilityVersion = "Xcode 9.3";
			developmentRegion = en;
			hasScannedForEncodings = 0;
			knownRegions = (
				en,
				Base,
			);
			mainGroup = 2B26B96E261EFFAD000814E4;
			productRefGroup = 2B26B978261EFFAE000814E4 /* Products */;
			projectDirPath = "";
			projectRoot = "";
			targets = (
				2B26B976261EFFAE000814E4 /* Twitter */,
			);
		};
/* End PBXProject section */

/* Begin PBXResourcesBuildPhase section */
		2B26B975261EFFAE000814E4 /* Resources */ = {
			isa = PBXResourcesBuildPhase;
			buildActionMask = 2147483647;
			files = (
				2B26B987261EFFB5000814E4 /* LaunchScreen.storyboard in Resources */,
				2B26B998261F1BC9000814E4 /* GoogleService-Info.plist in Resources */,
				2B26B984261EFFB5000814E4 /* Assets.xcassets in Resources */,
				2B26B982261EFFAE000814E4 /* Main.storyboard in Resources */,
			);
			runOnlyForDeploymentPostprocessing = 0;
		};
/* End PBXResourcesBuildPhase section */

/* Begin PBXShellScriptBuildPhase section */
		86507FA3CA409EF6FD2C6ED4 /* [CP] Check Pods Manifest.lock */ = {
			isa = PBXShellScriptBuildPhase;
			buildActionMask = 2147483647;
			files = (
			);
			inputFileListPaths = (
			);
			inputPaths = (
				"${PODS_PODFILE_DIR_PATH}/Podfile.lock",
				"${PODS_ROOT}/Manifest.lock",
			);
			name = "[CP] Check Pods Manifest.lock";
			outputFileListPaths = (
			);
			outputPaths = (
				"$(DERIVED_FILE_DIR)/Pods-Twitter-checkManifestLockResult.txt",
			);
			runOnlyForDeploymentPostprocessing = 0;
			shellPath = /bin/sh;
			shellScript = "diff \"${PODS_PODFILE_DIR_PATH}/Podfile.lock\" \"${PODS_ROOT}/Manifest.lock\" > /dev/null\nif [ $? != 0 ] ; then\n    # print error to STDERR\n    echo \"error: The sandbox is not in sync with the Podfile.lock. Run 'pod install' or update your CocoaPods installation.\" >&2\n    exit 1\nfi\n# This output is used by Xcode 'outputs' to avoid re-running this script phase.\necho \"SUCCESS\" > \"${SCRIPT_OUTPUT_FILE_0}\"\n";
			showEnvVarsInLog = 0;
		};
		AD9F1E962294D2F51FE1BF99 /* [CP] Embed Pods Frameworks */ = {
			isa = PBXShellScriptBuildPhase;
			buildActionMask = 2147483647;
			files = (
			);
			inputFileListPaths = (
				"${PODS_ROOT}/Target Support Files/Pods-Twitter/Pods-Twitter-frameworks-${CONFIGURATION}-input-files.xcfilelist",
			);
			name = "[CP] Embed Pods Frameworks";
			outputFileListPaths = (
				"${PODS_ROOT}/Target Support Files/Pods-Twitter/Pods-Twitter-frameworks-${CONFIGURATION}-output-files.xcfilelist",
			);
			runOnlyForDeploymentPostprocessing = 0;
			shellPath = /bin/sh;
			shellScript = "\"${PODS_ROOT}/Target Support Files/Pods-Twitter/Pods-Twitter-frameworks.sh\"\n";
			showEnvVarsInLog = 0;
		};
/* End PBXShellScriptBuildPhase section */

/* Begin PBXSourcesBuildPhase section */
		2B26B973261EFFAE000814E4 /* Sources */ = {
			isa = PBXSourcesBuildPhase;
			buildActionMask = 2147483647;
			files = (
				2B969A5E262ADE7B00EE9366 /* EditProfileViewController.swift in Sources */,
				2B969A5C262A0E1B00EE9366 /* SearchViewController.swift in Sources */,
				2B26B98F261F08F5000814E4 /* LoginViewController.swift in Sources */,
				2B83F3DE26284B9C000877C5 /* NewTweetViewController.swift in Sources */,
				2B26B97B261EFFAE000814E4 /* AppDelegate.swift in Sources */,
				2B83F3DB26284132000877C5 /* HomeViewTableViewCell.swift in Sources */,
				2B969A60262AF97200EE9366 /* EditTweetViewController.swift in Sources */,
				2BFB46C02625B58600C99E53 /* Tweet.swift in Sources */,
				2B26B994261F0987000814E4 /* RegistrationViewController.swift in Sources */,
				2B969A5A262A0E0B00EE9366 /* ProfileViewController.swift in Sources */,
				2B26B97D261EFFAE000814E4 /* SceneDelegate.swift in Sources */,
				2BFB46C22626BE5500C99E53 /* HomeViewController.swift in Sources */,
			);
			runOnlyForDeploymentPostprocessing = 0;
		};
/* End PBXSourcesBuildPhase section */

/* Begin PBXVariantGroup section */
		2B26B980261EFFAE000814E4 /* Main.storyboard */ = {
			isa = PBXVariantGroup;
			children = (
				2B26B981261EFFAE000814E4 /* Base */,
			);
			name = Main.storyboard;
			sourceTree = "<group>";
		};
		2B26B985261EFFB5000814E4 /* LaunchScreen.storyboard */ = {
			isa = PBXVariantGroup;
			children = (
				2B26B986261EFFB5000814E4 /* Base */,
			);
			name = LaunchScreen.storyboard;
			sourceTree = "<group>";
		};
/* End PBXVariantGroup section */

/* Begin XCBuildConfiguration section */
		2B26B989261EFFB5000814E4 /* Debug */ = {
			isa = XCBuildConfiguration;
			buildSettings = {
				ALWAYS_SEARCH_USER_PATHS = NO;
				CLANG_ANALYZER_NONNULL = YES;
				CLANG_ANALYZER_NUMBER_OBJECT_CONVERSION = YES_AGGRESSIVE;
				CLANG_CXX_LANGUAGE_STANDARD = "gnu++14";
				CLANG_CXX_LIBRARY = "libc++";
				CLANG_ENABLE_MODULES = YES;
				CLANG_ENABLE_OBJC_ARC = YES;
				CLANG_ENABLE_OBJC_WEAK = YES;
				CLANG_WARN_BLOCK_CAPTURE_AUTORELEASING = YES;
				CLANG_WARN_BOOL_CONVERSION = YES;
				CLANG_WARN_COMMA = YES;
				CLANG_WARN_CONSTANT_CONVERSION = YES;
				CLANG_WARN_DEPRECATED_OBJC_IMPLEMENTATIONS = YES;
				CLANG_WARN_DIRECT_OBJC_ISA_USAGE = YES_ERROR;
				CLANG_WARN_DOCUMENTATION_COMMENTS = YES;
				CLANG_WARN_EMPTY_BODY = YES;
				CLANG_WARN_ENUM_CONVERSION = YES;
				CLANG_WARN_INFINITE_RECURSION = YES;
				CLANG_WARN_INT_CONVERSION = YES;
				CLANG_WARN_NON_LITERAL_NULL_CONVERSION = YES;
				CLANG_WARN_OBJC_IMPLICIT_RETAIN_SELF = YES;
				CLANG_WARN_OBJC_LITERAL_CONVERSION = YES;
				CLANG_WARN_OBJC_ROOT_CLASS = YES_ERROR;
				CLANG_WARN_RANGE_LOOP_ANALYSIS = YES;
				CLANG_WARN_STRICT_PROTOTYPES = YES;
				CLANG_WARN_SUSPICIOUS_MOVE = YES;
				CLANG_WARN_UNGUARDED_AVAILABILITY = YES_AGGRESSIVE;
				CLANG_WARN_UNREACHABLE_CODE = YES;
				CLANG_WARN__DUPLICATE_METHOD_MATCH = YES;
				COPY_PHASE_STRIP = NO;
				DEBUG_INFORMATION_FORMAT = dwarf;
				ENABLE_STRICT_OBJC_MSGSEND = YES;
				ENABLE_TESTABILITY = YES;
				GCC_C_LANGUAGE_STANDARD = gnu11;
				GCC_DYNAMIC_NO_PIC = NO;
				GCC_NO_COMMON_BLOCKS = YES;
				GCC_OPTIMIZATION_LEVEL = 0;
				GCC_PREPROCESSOR_DEFINITIONS = (
					"DEBUG=1",
					"$(inherited)",
				);
				GCC_WARN_64_TO_32_BIT_CONVERSION = YES;
				GCC_WARN_ABOUT_RETURN_TYPE = YES_ERROR;
				GCC_WARN_UNDECLARED_SELECTOR = YES;
				GCC_WARN_UNINITIALIZED_AUTOS = YES_AGGRESSIVE;
				GCC_WARN_UNUSED_FUNCTION = YES;
				GCC_WARN_UNUSED_VARIABLE = YES;
				IPHONEOS_DEPLOYMENT_TARGET = 13.6;
				MTL_ENABLE_DEBUG_INFO = INCLUDE_SOURCE;
				MTL_FAST_MATH = YES;
				ONLY_ACTIVE_ARCH = YES;
				SDKROOT = iphoneos;
				SWIFT_ACTIVE_COMPILATION_CONDITIONS = DEBUG;
				SWIFT_OPTIMIZATION_LEVEL = "-Onone";
			};
			name = Debug;
		};
		2B26B98A261EFFB5000814E4 /* Release */ = {
			isa = XCBuildConfiguration;
			buildSettings = {
				ALWAYS_SEARCH_USER_PATHS = NO;
				CLANG_ANALYZER_NONNULL = YES;
				CLANG_ANALYZER_NUMBER_OBJECT_CONVERSION = YES_AGGRESSIVE;
				CLANG_CXX_LANGUAGE_STANDARD = "gnu++14";
				CLANG_CXX_LIBRARY = "libc++";
				CLANG_ENABLE_MODULES = YES;
				CLANG_ENABLE_OBJC_ARC = YES;
				CLANG_ENABLE_OBJC_WEAK = YES;
				CLANG_WARN_BLOCK_CAPTURE_AUTORELEASING = YES;
				CLANG_WARN_BOOL_CONVERSION = YES;
				CLANG_WARN_COMMA = YES;
				CLANG_WARN_CONSTANT_CONVERSION = YES;
				CLANG_WARN_DEPRECATED_OBJC_IMPLEMENTATIONS = YES;
				CLANG_WARN_DIRECT_OBJC_ISA_USAGE = YES_ERROR;
				CLANG_WARN_DOCUMENTATION_COMMENTS = YES;
				CLANG_WARN_EMPTY_BODY = YES;
				CLANG_WARN_ENUM_CONVERSION = YES;
				CLANG_WARN_INFINITE_RECURSION = YES;
				CLANG_WARN_INT_CONVERSION = YES;
				CLANG_WARN_NON_LITERAL_NULL_CONVERSION = YES;
				CLANG_WARN_OBJC_IMPLICIT_RETAIN_SELF = YES;
				CLANG_WARN_OBJC_LITERAL_CONVERSION = YES;
				CLANG_WARN_OBJC_ROOT_CLASS = YES_ERROR;
				CLANG_WARN_RANGE_LOOP_ANALYSIS = YES;
				CLANG_WARN_STRICT_PROTOTYPES = YES;
				CLANG_WARN_SUSPICIOUS_MOVE = YES;
				CLANG_WARN_UNGUARDED_AVAILABILITY = YES_AGGRESSIVE;
				CLANG_WARN_UNREACHABLE_CODE = YES;
				CLANG_WARN__DUPLICATE_METHOD_MATCH = YES;
				COPY_PHASE_STRIP = NO;
				DEBUG_INFORMATION_FORMAT = "dwarf-with-dsym";
				ENABLE_NS_ASSERTIONS = NO;
				ENABLE_STRICT_OBJC_MSGSEND = YES;
				GCC_C_LANGUAGE_STANDARD = gnu11;
				GCC_NO_COMMON_BLOCKS = YES;
				GCC_WARN_64_TO_32_BIT_CONVERSION = YES;
				GCC_WARN_ABOUT_RETURN_TYPE = YES_ERROR;
				GCC_WARN_UNDECLARED_SELECTOR = YES;
				GCC_WARN_UNINITIALIZED_AUTOS = YES_AGGRESSIVE;
				GCC_WARN_UNUSED_FUNCTION = YES;
				GCC_WARN_UNUSED_VARIABLE = YES;
				IPHONEOS_DEPLOYMENT_TARGET = 13.6;
				MTL_ENABLE_DEBUG_INFO = NO;
				MTL_FAST_MATH = YES;
				SDKROOT = iphoneos;
				SWIFT_COMPILATION_MODE = wholemodule;
				SWIFT_OPTIMIZATION_LEVEL = "-O";
				VALIDATE_PRODUCT = YES;
			};
			name = Release;
		};
		2B26B98C261EFFB5000814E4 /* Debug */ = {
			isa = XCBuildConfiguration;
			baseConfigurationReference = 4FC6D00A427482C7432F9C2B /* Pods-Twitter.debug.xcconfig */;
			buildSettings = {
				ASSETCATALOG_COMPILER_APPICON_NAME = AppIcon;
				CODE_SIGN_STYLE = Automatic;
				INFOPLIST_FILE = Twitter/Info.plist;
				LD_RUNPATH_SEARCH_PATHS = (
					"$(inherited)",
					"@executable_path/Frameworks",
				);
				PRODUCT_BUNDLE_IDENTIFIER = kbtu.Twitter;
				PRODUCT_NAME = "$(TARGET_NAME)";
				SWIFT_VERSION = 5.0;
				TARGETED_DEVICE_FAMILY = "1,2";
			};
			name = Debug;
		};
		2B26B98D261EFFB5000814E4 /* Release */ = {
			isa = XCBuildConfiguration;
			baseConfigurationReference = 586556E300E67512B42B26DF /* Pods-Twitter.release.xcconfig */;
			buildSettings = {
				ASSETCATALOG_COMPILER_APPICON_NAME = AppIcon;
				CODE_SIGN_STYLE = Automatic;
				INFOPLIST_FILE = Twitter/Info.plist;
				LD_RUNPATH_SEARCH_PATHS = (
					"$(inherited)",
					"@executable_path/Frameworks",
				);
				PRODUCT_BUNDLE_IDENTIFIER = kbtu.Twitter;
				PRODUCT_NAME = "$(TARGET_NAME)";
				SWIFT_VERSION = 5.0;
				TARGETED_DEVICE_FAMILY = "1,2";
			};
			name = Release;
		};
/* End XCBuildConfiguration section */

/* Begin XCConfigurationList section */
		2B26B972261EFFAE000814E4 /* Build configuration list for PBXProject "Twitter" */ = {
			isa = XCConfigurationList;
			buildConfigurations = (
				2B26B989261EFFB5000814E4 /* Debug */,
				2B26B98A261EFFB5000814E4 /* Release */,
			);
			defaultConfigurationIsVisible = 0;
			defaultConfigurationName = Release;
		};
		2B26B98B261EFFB5000814E4 /* Build configuration list for PBXNativeTarget "Twitter" */ = {
			isa = XCConfigurationList;
			buildConfigurations = (
				2B26B98C261EFFB5000814E4 /* Debug */,
				2B26B98D261EFFB5000814E4 /* Release */,
			);
			defaultConfigurationIsVisible = 0;
			defaultConfigurationName = Release;
		};
/* End XCConfigurationList section */
	};
	rootObject = 2B26B96F261EFFAE000814E4 /* Project object */;
}
